
Microsoft Visual Studio Solution File, Format Version 12.00
# Visual Studio Version 16
VisualStudioVersion = 16.0.30320.27
MinimumVisualStudioVersion = 10.0.40219.1
Project("{888888A0-9F3D-457C-B088-3A5042F75D52}") = "text to speech", "text to speech.pyproj", "{A006D1E9-4061-482A-9AD9-C5C53668B18C}"
EndProject
Global
	GlobalSection(SolutionConfigurationPlatforms) = preSolution
		Debug|Any CPU = Debug|Any CPU
		Release|Any CPU = Release|Any CPU
	EndGlobalSection
	GlobalSection(ProjectConfigurationPlatforms) = postSolution
		{A006D1E9-4061-482A-9AD9-C5C53668B18C}.Debug|Any CPU.ActiveCfg = Debug|Any CPU
		{A006D1E9-4061-482A-9AD9-C5C53668B18C}.Release|Any CPU.ActiveCfg = Release|Any CPU
	EndGlobalSection
	GlobalSection(SolutionProperties) = preSolution
		HideSolutionNode = FALSE
	EndGlobalSection
	GlobalSection(ExtensibilityGlobals) = postSolution
		SolutionGuid = {9CFC0C7D-1B9C-4BBF-9661-20AEF103B837}
	EndGlobalSection
EndGlobal
