
Microsoft Visual Studio Solution File, Format Version 12.00
# Visual Studio Version 16
VisualStudioVersion = 16.0.30320.27
MinimumVisualStudioVersion = 10.0.40219.1
Project("{888888A0-9F3D-457C-B088-3A5042F75D52}") = "extracting data  from  json", "extracting data  from  json.pyproj", "{95D5060B-1841-4E71-8109-B884F8B3AAF5}"
EndProject
Global
	GlobalSection(SolutionConfigurationPlatforms) = preSolution
		Debug|Any CPU = Debug|Any CPU
		Release|Any CPU = Release|Any CPU
	EndGlobalSection
	GlobalSection(ProjectConfigurationPlatforms) = postSolution
		{95D5060B-1841-4E71-8109-B884F8B3AAF5}.Debug|Any CPU.ActiveCfg = Debug|Any CPU
		{95D5060B-1841-4E71-8109-B884F8B3AAF5}.Release|Any CPU.ActiveCfg = Release|Any CPU
	EndGlobalSection
	GlobalSection(SolutionProperties) = preSolution
		HideSolutionNode = FALSE
	EndGlobalSection
	GlobalSection(ExtensibilityGlobals) = postSolution
		SolutionGuid = {57EEF43B-A215-47C3-9390-6026B48ADD95}
	EndGlobalSection
EndGlobal
