
Microsoft Visual Studio Solution File, Format Version 12.00
# Visual Studio Version 16
VisualStudioVersion = 16.0.30114.105
MinimumVisualStudioVersion = 10.0.40219.1
Project("{888888A0-9F3D-457C-B088-3A5042F75D52}") = "febonaci series", "febonaci series.pyproj", "{AB5124F3-EC95-4108-AB76-B46C0033781B}"
EndProject
Global
	GlobalSection(SolutionConfigurationPlatforms) = preSolution
		Debug|Any CPU = Debug|Any CPU
		Release|Any CPU = Release|Any CPU
	EndGlobalSection
	GlobalSection(ProjectConfigurationPlatforms) = postSolution
		{AB5124F3-EC95-4108-AB76-B46C0033781B}.Debug|Any CPU.ActiveCfg = Debug|Any CPU
		{AB5124F3-EC95-4108-AB76-B46C0033781B}.Release|Any CPU.ActiveCfg = Release|Any CPU
	EndGlobalSection
	GlobalSection(SolutionProperties) = preSolution
		HideSolutionNode = FALSE
	EndGlobalSection
	GlobalSection(ExtensibilityGlobals) = postSolution
		SolutionGuid = {BA45A104-C275-4852-99C0-B540C6BE3BB1}
	EndGlobalSection
EndGlobal
