
Microsoft Visual Studio Solution File, Format Version 12.00
# Visual Studio Version 16
VisualStudioVersion = 16.0.30320.27
MinimumVisualStudioVersion = 10.0.40219.1
Project("{888888A0-9F3D-457C-B088-3A5042F75D52}") = "url grom python", "url grom python.pyproj", "{1CA7B080-B443-4AF0-99E1-E8089CB9863C}"
EndProject
Global
	GlobalSection(SolutionConfigurationPlatforms) = preSolution
		Debug|Any CPU = Debug|Any CPU
		Release|Any CPU = Release|Any CPU
	EndGlobalSection
	GlobalSection(ProjectConfigurationPlatforms) = postSolution
		{1CA7B080-B443-4AF0-99E1-E8089CB9863C}.Debug|Any CPU.ActiveCfg = Debug|Any CPU
		{1CA7B080-B443-4AF0-99E1-E8089CB9863C}.Release|Any CPU.ActiveCfg = Release|Any CPU
	EndGlobalSection
	GlobalSection(SolutionProperties) = preSolution
		HideSolutionNode = FALSE
	EndGlobalSection
	GlobalSection(ExtensibilityGlobals) = postSolution
		SolutionGuid = {94B4C148-86BA-4D13-A94F-02CD5A771155}
	EndGlobalSection
EndGlobal
