
Microsoft Visual Studio Solution File, Format Version 12.00
# Visual Studio Version 16
VisualStudioVersion = 16.0.30320.27
MinimumVisualStudioVersion = 10.0.40219.1
Project("{888888A0-9F3D-457C-B088-3A5042F75D52}") = "imdb list", "imdb list.pyproj", "{EF68A490-52C4-4725-9915-1C7AD42A9D2C}"
EndProject
Global
	GlobalSection(SolutionConfigurationPlatforms) = preSolution
		Debug|Any CPU = Debug|Any CPU
		Release|Any CPU = Release|Any CPU
	EndGlobalSection
	GlobalSection(ProjectConfigurationPlatforms) = postSolution
		{EF68A490-52C4-4725-9915-1C7AD42A9D2C}.Debug|Any CPU.ActiveCfg = Debug|Any CPU
		{EF68A490-52C4-4725-9915-1C7AD42A9D2C}.Release|Any CPU.ActiveCfg = Release|Any CPU
	EndGlobalSection
	GlobalSection(SolutionProperties) = preSolution
		HideSolutionNode = FALSE
	EndGlobalSection
	GlobalSection(ExtensibilityGlobals) = postSolution
		SolutionGuid = {E293FC8D-8D01-4220-9074-6A6E6A715389}
	EndGlobalSection
EndGlobal
