
Microsoft Visual Studio Solution File, Format Version 12.00
# Visual Studio Version 16
VisualStudioVersion = 16.0.30011.22
MinimumVisualStudioVersion = 10.0.40219.1
Project("{888888A0-9F3D-457C-B088-3A5042F75D52}") = "pr1", "pr1.pyproj", "{1574BF70-8AD1-43FC-8B6E-55AA4F0A39D6}"
EndProject
Global
	GlobalSection(SolutionConfigurationPlatforms) = preSolution
		Debug|Any CPU = Debug|Any CPU
		Release|Any CPU = Release|Any CPU
	EndGlobalSection
	GlobalSection(ProjectConfigurationPlatforms) = postSolution
		{1574BF70-8AD1-43FC-8B6E-55AA4F0A39D6}.Debug|Any CPU.ActiveCfg = Debug|Any CPU
		{1574BF70-8AD1-43FC-8B6E-55AA4F0A39D6}.Release|Any CPU.ActiveCfg = Release|Any CPU
	EndGlobalSection
	GlobalSection(SolutionProperties) = preSolution
		HideSolutionNode = FALSE
	EndGlobalSection
	GlobalSection(ExtensibilityGlobals) = postSolution
		SolutionGuid = {FE1767A3-D8D1-47BF-AF4A-351F1047C56B}
	EndGlobalSection
EndGlobal
